
Microsoft Visual Studio Solution File, Format Version 12.00
# Visual Studio Version 17
VisualStudioVersion = 17.5.33502.453
MinimumVisualStudioVersion = 10.0.40219.1
Project("{FAE04EC0-301F-11D3-BF4B-00C04F79EFBC}") = "NewsAgregator", "NewsAgregator.csproj", "{59DE24F7-A01B-4DED-9EE1-CF7DFC35320C}"
EndProject
Global
	GlobalSection(SolutionConfigurationPlatforms) = preSolution
		Debug|Any CPU = Debug|Any CPU
		Release|Any CPU = Release|Any CPU
	EndGlobalSection
	GlobalSection(ProjectConfigurationPlatforms) = postSolution
		{59DE24F7-A01B-4DED-9EE1-CF7DFC35320C}.Debug|Any CPU.ActiveCfg = Debug|Any CPU
		{59DE24F7-A01B-4DED-9EE1-CF7DFC35320C}.Debug|Any CPU.Build.0 = Debug|Any CPU
		{59DE24F7-A01B-4DED-9EE1-CF7DFC35320C}.Release|Any CPU.ActiveCfg = Release|Any CPU
		{59DE24F7-A01B-4DED-9EE1-CF7DFC35320C}.Release|Any CPU.Build.0 = Release|Any CPU
	EndGlobalSection
	GlobalSection(SolutionProperties) = preSolution
		HideSolutionNode = FALSE
	EndGlobalSection
	GlobalSection(ExtensibilityGlobals) = postSolution
		SolutionGuid = {6C37165C-6510-43B8-803C-D0248E6A8C8B}
	EndGlobalSection
EndGlobal
